
Microsoft Visual Studio Solution File, Format Version 12.00
# Visual Studio Version 16
VisualStudioVersion = 16.0.31025.194
MinimumVisualStudioVersion = 10.0.40219.1
Project("{9A19103F-16F7-4668-BE54-9A1E7A4F7556}") = "apicommercialair.core", "apicommercialair.core\apicommercialair.core.csproj", "{56CE3D3E-6FC3-4C1A-B18C-C12045CE05F3}"
EndProject
Project("{9A19103F-16F7-4668-BE54-9A1E7A4F7556}") = "apicommercialair.data", "apicommercialair.data\apicommercialair.data.csproj", "{7882133F-9A3E-4EA0-A1DB-B6B7765A6EC2}"
EndProject
Project("{9A19103F-16F7-4668-BE54-9A1E7A4F7556}") = "apicommercialair.web", "apicommercialair.web\apicommercialair.web.csproj", "{7715F8A4-7033-410E-9F6F-80D56775192B}"
EndProject
Global
	GlobalSection(SolutionConfigurationPlatforms) = preSolution
		Debug|Any CPU = Debug|Any CPU
		Release|Any CPU = Release|Any CPU
	EndGlobalSection
	GlobalSection(ProjectConfigurationPlatforms) = postSolution
		{56CE3D3E-6FC3-4C1A-B18C-C12045CE05F3}.Debug|Any CPU.ActiveCfg = Debug|Any CPU
		{56CE3D3E-6FC3-4C1A-B18C-C12045CE05F3}.Debug|Any CPU.Build.0 = Debug|Any CPU
		{56CE3D3E-6FC3-4C1A-B18C-C12045CE05F3}.Release|Any CPU.ActiveCfg = Release|Any CPU
		{56CE3D3E-6FC3-4C1A-B18C-C12045CE05F3}.Release|Any CPU.Build.0 = Release|Any CPU
		{7882133F-9A3E-4EA0-A1DB-B6B7765A6EC2}.Debug|Any CPU.ActiveCfg = Debug|Any CPU
		{7882133F-9A3E-4EA0-A1DB-B6B7765A6EC2}.Debug|Any CPU.Build.0 = Debug|Any CPU
		{7882133F-9A3E-4EA0-A1DB-B6B7765A6EC2}.Release|Any CPU.ActiveCfg = Release|Any CPU
		{7882133F-9A3E-4EA0-A1DB-B6B7765A6EC2}.Release|Any CPU.Build.0 = Release|Any CPU
		{7715F8A4-7033-410E-9F6F-80D56775192B}.Debug|Any CPU.ActiveCfg = Debug|Any CPU
		{7715F8A4-7033-410E-9F6F-80D56775192B}.Debug|Any CPU.Build.0 = Debug|Any CPU
		{7715F8A4-7033-410E-9F6F-80D56775192B}.Release|Any CPU.ActiveCfg = Release|Any CPU
		{7715F8A4-7033-410E-9F6F-80D56775192B}.Release|Any CPU.Build.0 = Release|Any CPU
	EndGlobalSection
	GlobalSection(SolutionProperties) = preSolution
		HideSolutionNode = FALSE
	EndGlobalSection
	GlobalSection(ExtensibilityGlobals) = postSolution
		SolutionGuid = {8FF5EBB1-2B2F-4726-8447-0C0ECFE8ABBF}
	EndGlobalSection
EndGlobal
